Microsoft Visual Studio Solution File, Format Version 7.00
Project("{8BC9CEB8-8B4A-11D0-8D11-00A0C91BC942}") = "Addin", "Addin\GroupWare.vcproj", "{CED63072-2D95-4711-ABCE-8488044062E8}"
EndProject
Project("{54435603-DBB4-11D2-8724-00A0C9A8B90C}") = "Setup", "Setup\Setup.vdproj", "{CEC181AD-D6AB-45F9-B314-742074750DCA}"
EndProject
Project("{8BC9CEB8-8B4A-11D0-8D11-00A0C91BC942}") = "mapi", "..\MAPI Library\mapi.vcproj", "{51184479-38BB-4651-B7B7-4905871F62FF}"
EndProject
Project("{8BC9CEB8-8B4A-11D0-8D11-00A0C91BC942}") = "ldap", "..\LDAP Class Library\ldap.vcproj", "{717BA459-26CD-44C2-8E58-79970223CB25}"
EndProject
Project("{8BC9CEB8-8B4A-11D0-8D11-00A0C91BC942}") = "CPLUtils", "..\COM Utility Library\CPLUtils.vcproj", "{29042574-5C0E-4FC2-85F6-967D80BE2733}"
EndProject
Project("{8BC9CEB8-8B4A-11D0-8D11-00A0C91BC942}") = "Auto Upgrade Library", "..\Auto Upgrade Library\Auto Upgrade Library.vcproj", "{42E52E25-0555-49D5-BD9D-D42A9CCD2B92}"
EndProject
Global
	GlobalSection(SolutionConfiguration) = preSolution
		ConfigName.0 = Addin Debug
		ConfigName.1 = Addin Release
		ConfigName.2 = Debug
		ConfigName.3 = Release
		ConfigName.4 = Release MinDependency
		ConfigName.5 = Release MinSize
		ConfigName.6 = Unicode Debug
		ConfigName.7 = Unicode Release
		ConfigName.8 = Unicode Release MinDependency
		ConfigName.9 = Unicode Release MinSize
	EndGlobalSection
	GlobalSection(ProjectDependencies) = postSolution
		{CED63072-2D95-4711-ABCE-8488044062E8}.0 = {29042574-5C0E-4FC2-85F6-967D80BE2733}
		{CED63072-2D95-4711-ABCE-8488044062E8}.1 = {51184479-38BB-4651-B7B7-4905871F62FF}
		{CED63072-2D95-4711-ABCE-8488044062E8}.2 = {42E52E25-0555-49D5-BD9D-D42A9CCD2B92}
		{CED63072-2D95-4711-ABCE-8488044062E8}.3 = {717BA459-26CD-44C2-8E58-79970223CB25}
		{CEC181AD-D6AB-45F9-B314-742074750DCA}.0 = {717BA459-26CD-44C2-8E58-79970223CB25}
		{CEC181AD-D6AB-45F9-B314-742074750DCA}.1 = {29042574-5C0E-4FC2-85F6-967D80BE2733}
		{CEC181AD-D6AB-45F9-B314-742074750DCA}.2 = {51184479-38BB-4651-B7B7-4905871F62FF}
		{CEC181AD-D6AB-45F9-B314-742074750DCA}.3 = {CED63072-2D95-4711-ABCE-8488044062E8}
	EndGlobalSection
	GlobalSection(ProjectConfiguration) = postSolution
		{CED63072-2D95-4711-ABCE-8488044062E8}.Addin Debug.ActiveCfg = Addin Debug|Win32
		{CED63072-2D95-4711-ABCE-8488044062E8}.Addin Debug.Build.0 = Addin Debug|Win32
		{CED63072-2D95-4711-ABCE-8488044062E8}.Addin Release.ActiveCfg = Addin release|Win32
		{CED63072-2D95-4711-ABCE-8488044062E8}.Addin Release.Build.0 = Addin release|Win32
		{CED63072-2D95-4711-ABCE-8488044062E8}.Debug.ActiveCfg = Debug|Win32
		{CED63072-2D95-4711-ABCE-8488044062E8}.Debug.Build.0 = Debug|Win32
		{CED63072-2D95-4711-ABCE-8488044062E8}.Release.ActiveCfg = Unicode Release MinDependency|Win32
		{CED63072-2D95-4711-ABCE-8488044062E8}.Release.Build.0 = Unicode Release MinDependency|Win32
		{CED63072-2D95-4711-ABCE-8488044062E8}.Release MinDependency.ActiveCfg = Release MinDependency|Win32
		{CED63072-2D95-4711-ABCE-8488044062E8}.Release MinDependency.Build.0 = Release MinDependency|Win32
		{CED63072-2D95-4711-ABCE-8488044062E8}.Release MinSize.ActiveCfg = Release MinSize|Win32
		{CED63072-2D95-4711-ABCE-8488044062E8}.Release MinSize.Build.0 = Release MinSize|Win32
		{CED63072-2D95-4711-ABCE-8488044062E8}.Unicode Debug.ActiveCfg = Unicode Debug|Win32
		{CED63072-2D95-4711-ABCE-8488044062E8}.Unicode Debug.Build.0 = Unicode Debug|Win32
		{CED63072-2D95-4711-ABCE-8488044062E8}.Unicode Release.ActiveCfg = Unicode Release MinDependency|Win32
		{CED63072-2D95-4711-ABCE-8488044062E8}.Unicode Release.Build.0 = Unicode Release MinDependency|Win32
		{CED63072-2D95-4711-ABCE-8488044062E8}.Unicode Release MinDependency.ActiveCfg = Unicode Release MinDependency|Win32
		{CED63072-2D95-4711-ABCE-8488044062E8}.Unicode Release MinDependency.Build.0 = Unicode Release MinDependency|Win32
		{CED63072-2D95-4711-ABCE-8488044062E8}.Unicode Release MinSize.ActiveCfg = Unicode Release MinSize|Win32
		{CED63072-2D95-4711-ABCE-8488044062E8}.Unicode Release MinSize.Build.0 = Unicode Release MinSize|Win32
		{CEC181AD-D6AB-45F9-B314-742074750DCA}.Addin Debug.ActiveCfg = Addin Debug
		{CEC181AD-D6AB-45F9-B314-742074750DCA}.Addin Release.ActiveCfg = Addin Release
		{CEC181AD-D6AB-45F9-B314-742074750DCA}.Addin Release.Build.0 = Addin Release
		{CEC181AD-D6AB-45F9-B314-742074750DCA}.Debug.ActiveCfg = Debug
		{CEC181AD-D6AB-45F9-B314-742074750DCA}.Debug.Build.0 = Debug
		{CEC181AD-D6AB-45F9-B314-742074750DCA}.Release.ActiveCfg = Release
		{CEC181AD-D6AB-45F9-B314-742074750DCA}.Release.Build.0 = Release
		{CEC181AD-D6AB-45F9-B314-742074750DCA}.Release MinDependency.ActiveCfg = Release
		{CEC181AD-D6AB-45F9-B314-742074750DCA}.Release MinDependency.Build.0 = Release
		{CEC181AD-D6AB-45F9-B314-742074750DCA}.Release MinSize.ActiveCfg = Release
		{CEC181AD-D6AB-45F9-B314-742074750DCA}.Release MinSize.Build.0 = Release
		{CEC181AD-D6AB-45F9-B314-742074750DCA}.Unicode Debug.ActiveCfg = Debug
		{CEC181AD-D6AB-45F9-B314-742074750DCA}.Unicode Release.ActiveCfg = Release
		{CEC181AD-D6AB-45F9-B314-742074750DCA}.Unicode Release.Build.0 = Release
		{CEC181AD-D6AB-45F9-B314-742074750DCA}.Unicode Release MinDependency.ActiveCfg = Release
		{CEC181AD-D6AB-45F9-B314-742074750DCA}.Unicode Release MinDependency.Build.0 = Release
		{CEC181AD-D6AB-45F9-B314-742074750DCA}.Unicode Release MinSize.ActiveCfg = Release
		{CEC181AD-D6AB-45F9-B314-742074750DCA}.Unicode Release MinSize.Build.0 = Release
		{51184479-38BB-4651-B7B7-4905871F62FF}.Addin Debug.ActiveCfg = Addin Debug|Win32
		{51184479-38BB-4651-B7B7-4905871F62FF}.Addin Debug.Build.0 = Addin Debug|Win32
		{51184479-38BB-4651-B7B7-4905871F62FF}.Addin Release.ActiveCfg = Addin Release|Win32
		{51184479-38BB-4651-B7B7-4905871F62FF}.Addin Release.Build.0 = Addin Release|Win32
		{51184479-38BB-4651-B7B7-4905871F62FF}.Debug.ActiveCfg = Debug|Win32
		{51184479-38BB-4651-B7B7-4905871F62FF}.Debug.Build.0 = Debug|Win32
		{51184479-38BB-4651-B7B7-4905871F62FF}.Release.ActiveCfg = Release|Win32
		{51184479-38BB-4651-B7B7-4905871F62FF}.Release.Build.0 = Release|Win32
		{51184479-38BB-4651-B7B7-4905871F62FF}.Release MinDependency.ActiveCfg = Release|Win32
		{51184479-38BB-4651-B7B7-4905871F62FF}.Release MinDependency.Build.0 = Release|Win32
		{51184479-38BB-4651-B7B7-4905871F62FF}.Release MinSize.ActiveCfg = Release|Win32
		{51184479-38BB-4651-B7B7-4905871F62FF}.Release MinSize.Build.0 = Release|Win32
		{51184479-38BB-4651-B7B7-4905871F62FF}.Unicode Debug.ActiveCfg = Debug|Win32
		{51184479-38BB-4651-B7B7-4905871F62FF}.Unicode Debug.Build.0 = Debug|Win32
		{51184479-38BB-4651-B7B7-4905871F62FF}.Unicode Release.ActiveCfg = Release|Win32
		{51184479-38BB-4651-B7B7-4905871F62FF}.Unicode Release.Build.0 = Release|Win32
		{51184479-38BB-4651-B7B7-4905871F62FF}.Unicode Release MinDependency.ActiveCfg = Release|Win32
		{51184479-38BB-4651-B7B7-4905871F62FF}.Unicode Release MinDependency.Build.0 = Release|Win32
		{51184479-38BB-4651-B7B7-4905871F62FF}.Unicode Release MinSize.ActiveCfg = Release|Win32
		{51184479-38BB-4651-B7B7-4905871F62FF}.Unicode Release MinSize.Build.0 = Release|Win32
		{717BA459-26CD-44C2-8E58-79970223CB25}.Addin Debug.ActiveCfg = Addin Debug|Win32
		{717BA459-26CD-44C2-8E58-79970223CB25}.Addin Debug.Build.0 = Addin Debug|Win32
		{717BA459-26CD-44C2-8E58-79970223CB25}.Addin Release.ActiveCfg = Addin Release|Win32
		{717BA459-26CD-44C2-8E58-79970223CB25}.Addin Release.Build.0 = Addin Release|Win32
		{717BA459-26CD-44C2-8E58-79970223CB25}.Debug.ActiveCfg = Debug|Win32
		{717BA459-26CD-44C2-8E58-79970223CB25}.Debug.Build.0 = Debug|Win32
		{717BA459-26CD-44C2-8E58-79970223CB25}.Release.ActiveCfg = Release|Win32
		{717BA459-26CD-44C2-8E58-79970223CB25}.Release.Build.0 = Release|Win32
		{717BA459-26CD-44C2-8E58-79970223CB25}.Release MinDependency.ActiveCfg = Release|Win32
		{717BA459-26CD-44C2-8E58-79970223CB25}.Release MinDependency.Build.0 = Release|Win32
		{717BA459-26CD-44C2-8E58-79970223CB25}.Release MinSize.ActiveCfg = Release|Win32
		{717BA459-26CD-44C2-8E58-79970223CB25}.Release MinSize.Build.0 = Release|Win32
		{717BA459-26CD-44C2-8E58-79970223CB25}.Unicode Debug.ActiveCfg = Unicode Debug|Win32
		{717BA459-26CD-44C2-8E58-79970223CB25}.Unicode Debug.Build.0 = Unicode Debug|Win32
		{717BA459-26CD-44C2-8E58-79970223CB25}.Unicode Release.ActiveCfg = Unicode Release|Win32
		{717BA459-26CD-44C2-8E58-79970223CB25}.Unicode Release.Build.0 = Unicode Release|Win32
		{717BA459-26CD-44C2-8E58-79970223CB25}.Unicode Release MinDependency.ActiveCfg = Unicode Release|Win32
		{717BA459-26CD-44C2-8E58-79970223CB25}.Unicode Release MinDependency.Build.0 = Unicode Release|Win32
		{717BA459-26CD-44C2-8E58-79970223CB25}.Unicode Release MinSize.ActiveCfg = Unicode Release|Win32
		{717BA459-26CD-44C2-8E58-79970223CB25}.Unicode Release MinSize.Build.0 = Unicode Release|Win32
		{29042574-5C0E-4FC2-85F6-967D80BE2733}.Addin Debug.ActiveCfg = Addin Debug|Win32
		{29042574-5C0E-4FC2-85F6-967D80BE2733}.Addin Debug.Build.0 = Addin Debug|Win32
		{29042574-5C0E-4FC2-85F6-967D80BE2733}.Addin Release.ActiveCfg = Addin Release|Win32
		{29042574-5C0E-4FC2-85F6-967D80BE2733}.Addin Release.Build.0 = Addin Release|Win32
		{29042574-5C0E-4FC2-85F6-967D80BE2733}.Debug.ActiveCfg = Debug|Win32
		{29042574-5C0E-4FC2-85F6-967D80BE2733}.Debug.Build.0 = Debug|Win32
		{29042574-5C0E-4FC2-85F6-967D80BE2733}.Release.ActiveCfg = Release|Win32
		{29042574-5C0E-4FC2-85F6-967D80BE2733}.Release.Build.0 = Release|Win32
		{29042574-5C0E-4FC2-85F6-967D80BE2733}.Release MinDependency.ActiveCfg = Release|Win32
		{29042574-5C0E-4FC2-85F6-967D80BE2733}.Release MinDependency.Build.0 = Release|Win32
		{29042574-5C0E-4FC2-85F6-967D80BE2733}.Release MinSize.ActiveCfg = Release|Win32
		{29042574-5C0E-4FC2-85F6-967D80BE2733}.Release MinSize.Build.0 = Release|Win32
		{29042574-5C0E-4FC2-85F6-967D80BE2733}.Unicode Debug.ActiveCfg = Debug|Win32
		{29042574-5C0E-4FC2-85F6-967D80BE2733}.Unicode Debug.Build.0 = Debug|Win32
		{29042574-5C0E-4FC2-85F6-967D80BE2733}.Unicode Release.ActiveCfg = Release|Win32
		{29042574-5C0E-4FC2-85F6-967D80BE2733}.Unicode Release.Build.0 = Release|Win32
		{29042574-5C0E-4FC2-85F6-967D80BE2733}.Unicode Release MinDependency.ActiveCfg = Release|Win32
		{29042574-5C0E-4FC2-85F6-967D80BE2733}.Unicode Release MinDependency.Build.0 = Release|Win32
		{29042574-5C0E-4FC2-85F6-967D80BE2733}.Unicode Release MinSize.ActiveCfg = Release|Win32
		{29042574-5C0E-4FC2-85F6-967D80BE2733}.Unicode Release MinSize.Build.0 = Release|Win32
		{42E52E25-0555-49D5-BD9D-D42A9CCD2B92}.Addin Debug.ActiveCfg = Addin Debug|Win32
		{42E52E25-0555-49D5-BD9D-D42A9CCD2B92}.Addin Debug.Build.0 = Addin Debug|Win32
		{42E52E25-0555-49D5-BD9D-D42A9CCD2B92}.Addin Release.ActiveCfg = Addin Release|Win32
		{42E52E25-0555-49D5-BD9D-D42A9CCD2B92}.Addin Release.Build.0 = Addin Release|Win32
		{42E52E25-0555-49D5-BD9D-D42A9CCD2B92}.Debug.ActiveCfg = Debug|Win32
		{42E52E25-0555-49D5-BD9D-D42A9CCD2B92}.Debug.Build.0 = Debug|Win32
		{42E52E25-0555-49D5-BD9D-D42A9CCD2B92}.Release.ActiveCfg = Release|Win32
		{42E52E25-0555-49D5-BD9D-D42A9CCD2B92}.Release.Build.0 = Release|Win32
		{42E52E25-0555-49D5-BD9D-D42A9CCD2B92}.Release MinDependency.ActiveCfg = Release|Win32
		{42E52E25-0555-49D5-BD9D-D42A9CCD2B92}.Release MinDependency.Build.0 = Release|Win32
		{42E52E25-0555-49D5-BD9D-D42A9CCD2B92}.Release MinSize.ActiveCfg = Release|Win32
		{42E52E25-0555-49D5-BD9D-D42A9CCD2B92}.Release MinSize.Build.0 = Release|Win32
		{42E52E25-0555-49D5-BD9D-D42A9CCD2B92}.Unicode Debug.ActiveCfg = Debug|Win32
		{42E52E25-0555-49D5-BD9D-D42A9CCD2B92}.Unicode Debug.Build.0 = Debug|Win32
		{42E52E25-0555-49D5-BD9D-D42A9CCD2B92}.Unicode Release.ActiveCfg = Release|Win32
		{42E52E25-0555-49D5-BD9D-D42A9CCD2B92}.Unicode Release.Build.0 = Release|Win32
		{42E52E25-0555-49D5-BD9D-D42A9CCD2B92}.Unicode Release MinDependency.ActiveCfg = Release|Win32
		{42E52E25-0555-49D5-BD9D-D42A9CCD2B92}.Unicode Release MinDependency.Build.0 = Release|Win32
		{42E52E25-0555-49D5-BD9D-D42A9CCD2B92}.Unicode Release MinSize.ActiveCfg = Release|Win32
		{42E52E25-0555-49D5-BD9D-D42A9CCD2B92}.Unicode Release MinSize.Build.0 = Release|Win32
	EndGlobalSection
	GlobalSection(ExtensibilityGlobals) = postSolution
	EndGlobalSection
	GlobalSection(ExtensibilityAddIns) = postSolution
	EndGlobalSection
EndGlobal
