Microsoft Visual Studio Solution File, Format Version 7.00
Project("{8BC9CEB8-8B4A-11D0-8D11-00A0C91BC942}") = "COMAddInShim", "COMAddInShim.vcproj", "{D0A4579B-5D2C-45D7-A0AF-4AD2F8CEB87D}"
EndProject
Global
	GlobalSection(SolutionConfiguration) = preSolution
		ConfigName.0 = Debug
		ConfigName.1 = Release
	EndGlobalSection
	GlobalSection(ProjectDependencies) = postSolution
	EndGlobalSection
	GlobalSection(ProjectConfiguration) = postSolution
		{D0A4579B-5D2C-45D7-A0AF-4AD2F8CEB87D}.Debug.ActiveCfg = Debug|Win32
		{D0A4579B-5D2C-45D7-A0AF-4AD2F8CEB87D}.Debug.Build.0 = Debug|Win32
		{D0A4579B-5D2C-45D7-A0AF-4AD2F8CEB87D}.Release.ActiveCfg = Release|Win32
		{D0A4579B-5D2C-45D7-A0AF-4AD2F8CEB87D}.Release.Build.0 = Release|Win32
	EndGlobalSection
	GlobalSection(ExtensibilityGlobals) = postSolution
	EndGlobalSection
	GlobalSection(ExtensibilityAddIns) = postSolution
	EndGlobalSection
EndGlobal
